// !$*UTF8*$!
{
	archiveVersion = 1;
	classes = {
	};
	objectVersion = 46;
	objects = {

/* Begin PBXBuildFile section */
		5265B9821BB91E9C00C70585 /* MetadataElementAttribute.m in Sources */ = {isa = PBXBuildFile; fileRef = 5265B9811BB91E9C00C70585 /* MetadataElementAttribute.m */; settings = {ASSET_TAGS = (); }; };
		52FCF7D41BB524A100FF431E /* OAIHarvester.h in CopyFiles */ = {isa = PBXBuildFile; fileRef = 52FCF7D31BB524A100FF431E /* OAIHarvester.h */; };
		52FCF7D61BB524A100FF431E /* OAIHarvester.m in Sources */ = {isa = PBXBuildFile; fileRef = 52FCF7D51BB524A100FF431E /* OAIHarvester.m */; };
		52FCF7F61BB52AD100FF431E /* Identifier.m in Sources */ = {isa = PBXBuildFile; fileRef = 52FCF7E51BB52AD100FF431E /* Identifier.m */; settings = {ASSET_TAGS = (); }; };
		52FCF7F71BB52AD100FF431E /* Identify.m in Sources */ = {isa = PBXBuildFile; fileRef = 52FCF7E71BB52AD100FF431E /* Identify.m */; settings = {ASSET_TAGS = (); }; };
		52FCF7F81BB52AD100FF431E /* MetadataElement.m in Sources */ = {isa = PBXBuildFile; fileRef = 52FCF7E91BB52AD100FF431E /* MetadataElement.m */; settings = {ASSET_TAGS = (); }; };
		52FCF7F91BB52AD100FF431E /* MetadataFormat.m in Sources */ = {isa = PBXBuildFile; fileRef = 52FCF7EB1BB52AD100FF431E /* MetadataFormat.m */; settings = {ASSET_TAGS = (); }; };
		52FCF7FA1BB52AD100FF431E /* Record.m in Sources */ = {isa = PBXBuildFile; fileRef = 52FCF7ED1BB52AD100FF431E /* Record.m */; settings = {ASSET_TAGS = (); }; };
		52FCF7FB1BB52AD100FF431E /* RecordHeader.m in Sources */ = {isa = PBXBuildFile; fileRef = 52FCF7EF1BB52AD100FF431E /* RecordHeader.m */; settings = {ASSET_TAGS = (); }; };
		52FCF7FC1BB52AD100FF431E /* RecordMetadata.m in Sources */ = {isa = PBXBuildFile; fileRef = 52FCF7F11BB52AD100FF431E /* RecordMetadata.m */; settings = {ASSET_TAGS = (); }; };
		52FCF7FD1BB52AD100FF431E /* ResumptionToken.m in Sources */ = {isa = PBXBuildFile; fileRef = 52FCF7F31BB52AD100FF431E /* ResumptionToken.m */; settings = {ASSET_TAGS = (); }; };
		52FCF7FE1BB52AD100FF431E /* Set.m in Sources */ = {isa = PBXBuildFile; fileRef = 52FCF7F51BB52AD100FF431E /* Set.m */; settings = {ASSET_TAGS = (); }; };
		52FCF8041BB52AFA00FF431E /* HarvesterError.m in Sources */ = {isa = PBXBuildFile; fileRef = 52FCF8031BB52AFA00FF431E /* HarvesterError.m */; settings = {ASSET_TAGS = (); }; };
		852268EBA86CDDFDADF976DE /* libPods-OAIHarvester.a in Frameworks */ = {isa = PBXBuildFile; fileRef = ADA44E3931696305968E8CD6 /* libPods-OAIHarvester.a */; };
/* End PBXBuildFile section */

/* Begin PBXCopyFilesBuildPhase section */
		52FCF7CE1BB524A100FF431E /* CopyFiles */ = {
			isa = PBXCopyFilesBuildPhase;
			buildActionMask = 2147483647;
			dstPath = "include/$(PRODUCT_NAME)";
			dstSubfolderSpec = 16;
			files = (
				52FCF7D41BB524A100FF431E /* OAIHarvester.h in CopyFiles */,
			);
			runOnlyForDeploymentPostprocessing = 0;
		};
/* End PBXCopyFilesBuildPhase section */

/* Begin PBXFileReference section */
		2EB534AC5FF1A4F5CA158AD4 /* Pods-OAIHarvester.release.xcconfig */ = {isa = PBXFileReference; includeInIndex = 1; lastKnownFileType = text.xcconfig; name = "Pods-OAIHarvester.release.xcconfig"; path = "Pods/Target Support Files/Pods-OAIHarvester/Pods-OAIHarvester.release.xcconfig"; sourceTree = "<group>"; };
		5265B9801BB91E9C00C70585 /* MetadataElementAttribute.h */ = {isa = PBXFileReference; fileEncoding = 4; lastKnownFileType = sourcecode.c.h; name = MetadataElementAttribute.h; path = domain/MetadataElementAttribute.h; sourceTree = "<group>"; };
		5265B9811BB91E9C00C70585 /* MetadataElementAttribute.m */ = {isa = PBXFileReference; fileEncoding = 4; lastKnownFileType = sourcecode.c.objc; name = MetadataElementAttribute.m; path = domain/MetadataElementAttribute.m; sourceTree = "<group>"; };
		52FCF7D01BB524A100FF431E /* libOAIHarvester.a */ = {isa = PBXFileReference; explicitFileType = archive.ar; includeInIndex = 0; path = libOAIHarvester.a; sourceTree = BUILT_PRODUCTS_DIR; };
		52FCF7D31BB524A100FF431E /* OAIHarvester.h */ = {isa = PBXFileReference; lastKnownFileType = sourcecode.c.h; path = OAIHarvester.h; sourceTree = "<group>"; };
		52FCF7D51BB524A100FF431E /* OAIHarvester.m */ = {isa = PBXFileReference; lastKnownFileType = sourcecode.c.objc; path = OAIHarvester.m; sourceTree = "<group>"; };
		52FCF7E41BB52AD100FF431E /* Identifier.h */ = {isa = PBXFileReference; fileEncoding = 4; lastKnownFileType = sourcecode.c.h; name = Identifier.h; path = domain/Identifier.h; sourceTree = "<group>"; };
		52FCF7E51BB52AD100FF431E /* Identifier.m */ = {isa = PBXFileReference; fileEncoding = 4; lastKnownFileType = sourcecode.c.objc; name = Identifier.m; path = domain/Identifier.m; sourceTree = "<group>"; };
		52FCF7E61BB52AD100FF431E /* Identify.h */ = {isa = PBXFileReference; fileEncoding = 4; lastKnownFileType = sourcecode.c.h; name = Identify.h; path = domain/Identify.h; sourceTree = "<group>"; };
		52FCF7E71BB52AD100FF431E /* Identify.m */ = {isa = PBXFileReference; fileEncoding = 4; lastKnownFileType = sourcecode.c.objc; name = Identify.m; path = domain/Identify.m; sourceTree = "<group>"; };
		52FCF7E81BB52AD100FF431E /* MetadataElement.h */ = {isa = PBXFileReference; fileEncoding = 4; lastKnownFileType = sourcecode.c.h; name = MetadataElement.h; path = domain/MetadataElement.h; sourceTree = "<group>"; };
		52FCF7E91BB52AD100FF431E /* MetadataElement.m */ = {isa = PBXFileReference; fileEncoding = 4; lastKnownFileType = sourcecode.c.objc; name = MetadataElement.m; path = domain/MetadataElement.m; sourceTree = "<group>"; };
		52FCF7EA1BB52AD100FF431E /* MetadataFormat.h */ = {isa = PBXFileReference; fileEncoding = 4; lastKnownFileType = sourcecode.c.h; name = MetadataFormat.h; path = domain/MetadataFormat.h; sourceTree = "<group>"; };
		52FCF7EB1BB52AD100FF431E /* MetadataFormat.m */ = {isa = PBXFileReference; fileEncoding = 4; lastKnownFileType = sourcecode.c.objc; name = MetadataFormat.m; path = domain/MetadataFormat.m; sourceTree = "<group>"; };
		52FCF7EC1BB52AD100FF431E /* Record.h */ = {isa = PBXFileReference; fileEncoding = 4; lastKnownFileType = sourcecode.c.h; name = Record.h; path = domain/Record.h; sourceTree = "<group>"; };
		52FCF7ED1BB52AD100FF431E /* Record.m */ = {isa = PBXFileReference; fileEncoding = 4; lastKnownFileType = sourcecode.c.objc; name = Record.m; path = domain/Record.m; sourceTree = "<group>"; };
		52FCF7EE1BB52AD100FF431E /* RecordHeader.h */ = {isa = PBXFileReference; fileEncoding = 4; lastKnownFileType = sourcecode.c.h; name = RecordHeader.h; path = domain/RecordHeader.h; sourceTree = "<group>"; };
		52FCF7EF1BB52AD100FF431E /* RecordHeader.m */ = {isa = PBXFileReference; fileEncoding = 4; lastKnownFileType = sourcecode.c.objc; name = RecordHeader.m; path = domain/RecordHeader.m; sourceTree = "<group>"; };
		52FCF7F01BB52AD100FF431E /* RecordMetadata.h */ = {isa = PBXFileReference; fileEncoding = 4; lastKnownFileType = sourcecode.c.h; name = RecordMetadata.h; path = domain/RecordMetadata.h; sourceTree = "<group>"; };
		52FCF7F11BB52AD100FF431E /* RecordMetadata.m */ = {isa = PBXFileReference; fileEncoding = 4; lastKnownFileType = sourcecode.c.objc; name = RecordMetadata.m; path = domain/RecordMetadata.m; sourceTree = "<group>"; };
		52FCF7F21BB52AD100FF431E /* ResumptionToken.h */ = {isa = PBXFileReference; fileEncoding = 4; lastKnownFileType = sourcecode.c.h; name = ResumptionToken.h; path = domain/ResumptionToken.h; sourceTree = "<group>"; };
		52FCF7F31BB52AD100FF431E /* ResumptionToken.m */ = {isa = PBXFileReference; fileEncoding = 4; lastKnownFileType = sourcecode.c.objc; name = ResumptionToken.m; path = domain/ResumptionToken.m; sourceTree = "<group>"; };
		52FCF7F41BB52AD100FF431E /* Set.h */ = {isa = PBXFileReference; fileEncoding = 4; lastKnownFileType = sourcecode.c.h; name = Set.h; path = domain/Set.h; sourceTree = "<group>"; };
		52FCF7F51BB52AD100FF431E /* Set.m */ = {isa = PBXFileReference; fileEncoding = 4; lastKnownFileType = sourcecode.c.objc; name = Set.m; path = domain/Set.m; sourceTree = "<group>"; };
		52FCF8011BB52AF000FF431E /* Localizable.strings */ = {isa = PBXFileReference; fileEncoding = 4; lastKnownFileType = text.plist.strings; name = Localizable.strings; path = localizations/Localizable.strings; sourceTree = "<group>"; };
		52FCF8021BB52AFA00FF431E /* HarvesterError.h */ = {isa = PBXFileReference; fileEncoding = 4; lastKnownFileType = sourcecode.c.h; name = HarvesterError.h; path = errors/HarvesterError.h; sourceTree = "<group>"; };
		52FCF8031BB52AFA00FF431E /* HarvesterError.m */ = {isa = PBXFileReference; fileEncoding = 4; lastKnownFileType = sourcecode.c.objc; name = HarvesterError.m; path = errors/HarvesterError.m; sourceTree = "<group>"; };
		77A4C5487E26F003E7DFFEFD /* Pods-OAIHarvester.debug.xcconfig */ = {isa = PBXFileReference; includeInIndex = 1; lastKnownFileType = text.xcconfig; name = "Pods-OAIHarvester.debug.xcconfig"; path = "Pods/Target Support Files/Pods-OAIHarvester/Pods-OAIHarvester.debug.xcconfig"; sourceTree = "<group>"; };
		ADA44E3931696305968E8CD6 /* libPods-OAIHarvester.a */ = {isa = PBXFileReference; explicitFileType = archive.ar; includeInIndex = 0; path = "libPods-OAIHarvester.a"; sourceTree = BUILT_PRODUCTS_DIR; };
/* End PBXFileReference section */

/* Begin PBXFrameworksBuildPhase section */
		52FCF7CD1BB524A100FF431E /* Frameworks */ = {
			isa = PBXFrameworksBuildPhase;
			buildActionMask = 2147483647;
			files = (
				852268EBA86CDDFDADF976DE /* libPods-OAIHarvester.a in Frameworks */,
			);
			runOnlyForDeploymentPostprocessing = 0;
		};
/* End PBXFrameworksBuildPhase section */

/* Begin PBXGroup section */
		52FCF7C71BB524A100FF431E = {
			isa = PBXGroup;
			children = (
				52FCF7D21BB524A100FF431E /* OAIHarvester */,
				52FCF7D11BB524A100FF431E /* Products */,
				72DCF8946B99820F527202A1 /* Pods */,
				713218C3E1FA90C39A8D4395 /* Frameworks */,
			);
			sourceTree = "<group>";
		};
		52FCF7D11BB524A100FF431E /* Products */ = {
			isa = PBXGroup;
			children = (
				52FCF7D01BB524A100FF431E /* libOAIHarvester.a */,
			);
			name = Products;
			sourceTree = "<group>";
		};
		52FCF7D21BB524A100FF431E /* OAIHarvester */ = {
			isa = PBXGroup;
			children = (
				52FCF7D31BB524A100FF431E /* OAIHarvester.h */,
				52FCF7D51BB524A100FF431E /* OAIHarvester.m */,
				52FCF8001BB52AE400FF431E /* localizations */,
				52FCF7FF1BB52AD900FF431E /* errors */,
				52FCF7E31BB52AC400FF431E /* domain */,
			);
			path = OAIHarvester;
			sourceTree = "<group>";
		};
		52FCF7E31BB52AC400FF431E /* domain */ = {
			isa = PBXGroup;
			children = (
				52FCF7E41BB52AD100FF431E /* Identifier.h */,
				52FCF7E51BB52AD100FF431E /* Identifier.m */,
				52FCF7E61BB52AD100FF431E /* Identify.h */,
				52FCF7E71BB52AD100FF431E /* Identify.m */,
				52FCF7E81BB52AD100FF431E /* MetadataElement.h */,
				52FCF7E91BB52AD100FF431E /* MetadataElement.m */,
				5265B9801BB91E9C00C70585 /* MetadataElementAttribute.h */,
				5265B9811BB91E9C00C70585 /* MetadataElementAttribute.m */,
				52FCF7EA1BB52AD100FF431E /* MetadataFormat.h */,
				52FCF7EB1BB52AD100FF431E /* MetadataFormat.m */,
				52FCF7EC1BB52AD100FF431E /* Record.h */,
				52FCF7ED1BB52AD100FF431E /* Record.m */,
				52FCF7EE1BB52AD100FF431E /* RecordHeader.h */,
				52FCF7EF1BB52AD100FF431E /* RecordHeader.m */,
				52FCF7F01BB52AD100FF431E /* RecordMetadata.h */,
				52FCF7F11BB52AD100FF431E /* RecordMetadata.m */,
				52FCF7F21BB52AD100FF431E /* ResumptionToken.h */,
				52FCF7F31BB52AD100FF431E /* ResumptionToken.m */,
				52FCF7F41BB52AD100FF431E /* Set.h */,
				52FCF7F51BB52AD100FF431E /* Set.m */,
			);
			name = domain;
			sourceTree = "<group>";
		};
		52FCF7FF1BB52AD900FF431E /* errors */ = {
			isa = PBXGroup;
			children = (
				52FCF8021BB52AFA00FF431E /* HarvesterError.h */,
				52FCF8031BB52AFA00FF431E /* HarvesterError.m */,
			);
			name = errors;
			sourceTree = "<group>";
		};
		52FCF8001BB52AE400FF431E /* localizations */ = {
			isa = PBXGroup;
			children = (
				52FCF8011BB52AF000FF431E /* Localizable.strings */,
			);
			name = localizations;
			sourceTree = "<group>";
		};
		713218C3E1FA90C39A8D4395 /* Frameworks */ = {
			isa = PBXGroup;
			children = (
				ADA44E3931696305968E8CD6 /* libPods-OAIHarvester.a */,
			);
			name = Frameworks;
			sourceTree = "<group>";
		};
		72DCF8946B99820F527202A1 /* Pods */ = {
			isa = PBXGroup;
			children = (
				77A4C5487E26F003E7DFFEFD /* Pods-OAIHarvester.debug.xcconfig */,
				2EB534AC5FF1A4F5CA158AD4 /* Pods-OAIHarvester.release.xcconfig */,
			);
			name = Pods;
			sourceTree = "<group>";
		};
/* End PBXGroup section */

/* Begin PBXNativeTarget section */
		52FCF7CF1BB524A100FF431E /* OAIHarvester */ = {
			isa = PBXNativeTarget;
			buildConfigurationList = 52FCF7D91BB524A100FF431E /* Build configuration list for PBXNativeTarget "OAIHarvester" */;
			buildPhases = (
				E85DD5236DD507DDC886786B /* Check Pods Manifest.lock */,
				52FCF7CC1BB524A100FF431E /* Sources */,
				52FCF7CD1BB524A100FF431E /* Frameworks */,
				52FCF7CE1BB524A100FF431E /* CopyFiles */,
				9A7D1175F367E3E481B5A3E6 /* Copy Pods Resources */,
			);
			buildRules = (
			);
			dependencies = (
			);
			name = OAIHarvester;
			productName = OAIHarvester;
			productReference = 52FCF7D01BB524A100FF431E /* libOAIHarvester.a */;
			productType = "com.apple.product-type.library.static";
		};
/* End PBXNativeTarget section */

/* Begin PBXProject section */
		52FCF7C81BB524A100FF431E /* Project object */ = {
			isa = PBXProject;
			attributes = {
				LastUpgradeCheck = 0700;
				ORGANIZATIONNAME = "National Documentation Center (EKT)";
				TargetAttributes = {
					52FCF7CF1BB524A100FF431E = {
						CreatedOnToolsVersion = 7.0;
					};
				};
			};
			buildConfigurationList = 52FCF7CB1BB524A100FF431E /* Build configuration list for PBXProject "OAIHarvester" */;
			compatibilityVersion = "Xcode 3.2";
			developmentRegion = English;
			hasScannedForEncodings = 0;
			knownRegions = (
				en,
			);
			mainGroup = 52FCF7C71BB524A100FF431E;
			productRefGroup = 52FCF7D11BB524A100FF431E /* Products */;
			projectDirPath = "";
			projectRoot = "";
			targets = (
				52FCF7CF1BB524A100FF431E /* OAIHarvester */,
			);
		};
/* End PBXProject section */

/* Begin PBXShellScriptBuildPhase section */
		9A7D1175F367E3E481B5A3E6 /* Copy Pods Resources */ = {
			isa = PBXShellScriptBuildPhase;
			buildActionMask = 2147483647;
			files = (
			);
			inputPaths = (
			);
			name = "Copy Pods Resources";
			outputPaths = (
			);
			runOnlyForDeploymentPostprocessing = 0;
			shellPath = /bin/sh;
			shellScript = "\"${SRCROOT}/Pods/Target Support Files/Pods-OAIHarvester/Pods-OAIHarvester-resources.sh\"\n";
			showEnvVarsInLog = 0;
		};
		E85DD5236DD507DDC886786B /* Check Pods Manifest.lock */ = {
			isa = PBXShellScriptBuildPhase;
			buildActionMask = 2147483647;
			files = (
			);
			inputPaths = (
			);
			name = "Check Pods Manifest.lock";
			outputPaths = (
			);
			runOnlyForDeploymentPostprocessing = 0;
			shellPath = /bin/sh;
			shellScript = "diff \"${PODS_ROOT}/../Podfile.lock\" \"${PODS_ROOT}/Manifest.lock\" > /dev/null\nif [[ $? != 0 ]] ; then\n    cat << EOM\nerror: The sandbox is not in sync with the Podfile.lock. Run 'pod install' or update your CocoaPods installation.\nEOM\n    exit 1\nfi\n";
			showEnvVarsInLog = 0;
		};
/* End PBXShellScriptBuildPhase section */

/* Begin PBXSourcesBuildPhase section */
		52FCF7CC1BB524A100FF431E /* Sources */ = {
			isa = PBXSourcesBuildPhase;
			buildActionMask = 2147483647;
			files = (
				5265B9821BB91E9C00C70585 /* MetadataElementAttribute.m in Sources */,
				52FCF7F71BB52AD100FF431E /* Identify.m in Sources */,
				52FCF7F91BB52AD100FF431E /* MetadataFormat.m in Sources */,
				52FCF7FB1BB52AD100FF431E /* RecordHeader.m in Sources */,
				52FCF7FC1BB52AD100FF431E /* RecordMetadata.m in Sources */,
				52FCF7F61BB52AD100FF431E /* Identifier.m in Sources */,
				52FCF7D61BB524A100FF431E /* OAIHarvester.m in Sources */,
				52FCF8041BB52AFA00FF431E /* HarvesterError.m in Sources */,
				52FCF7FA1BB52AD100FF431E /* Record.m in Sources */,
				52FCF7FD1BB52AD100FF431E /* ResumptionToken.m in Sources */,
				52FCF7FE1BB52AD100FF431E /* Set.m in Sources */,
				52FCF7F81BB52AD100FF431E /* MetadataElement.m in Sources */,
			);
			runOnlyForDeploymentPostprocessing = 0;
		};
/* End PBXSourcesBuildPhase section */

/* Begin XCBuildConfiguration section */
		52FCF7D71BB524A100FF431E /* Debug */ = {
			isa = XCBuildConfiguration;
			buildSettings = {
				ALWAYS_SEARCH_USER_PATHS = NO;
				CLANG_CXX_LANGUAGE_STANDARD = "gnu++0x";
				CLANG_CXX_LIBRARY = "libc++";
				CLANG_ENABLE_MODULES = YES;
				CLANG_ENABLE_OBJC_ARC = YES;
				CLANG_WARN_BOOL_CONVERSION = YES;
				CLANG_WARN_CONSTANT_CONVERSION = YES;
				CLANG_WARN_DIRECT_OBJC_ISA_USAGE = YES_ERROR;
				CLANG_WARN_EMPTY_BODY = YES;
				CLANG_WARN_ENUM_CONVERSION = YES;
				CLANG_WARN_INT_CONVERSION = YES;
				CLANG_WARN_OBJC_ROOT_CLASS = YES_ERROR;
				CLANG_WARN_UNREACHABLE_CODE = YES;
				CLANG_WARN__DUPLICATE_METHOD_MATCH = YES;
				COPY_PHASE_STRIP = NO;
				DEBUG_INFORMATION_FORMAT = dwarf;
				ENABLE_STRICT_OBJC_MSGSEND = YES;
				ENABLE_TESTABILITY = YES;
				GCC_C_LANGUAGE_STANDARD = gnu99;
				GCC_DYNAMIC_NO_PIC = NO;
				GCC_NO_COMMON_BLOCKS = YES;
				GCC_OPTIMIZATION_LEVEL = 0;
				GCC_PREPROCESSOR_DEFINITIONS = (
					"DEBUG=1",
					"$(inherited)",
				);
				GCC_WARN_64_TO_32_BIT_CONVERSION = YES;
				GCC_WARN_ABOUT_RETURN_TYPE = YES_ERROR;
				GCC_WARN_UNDECLARED_SELECTOR = YES;
				GCC_WARN_UNINITIALIZED_AUTOS = YES_AGGRESSIVE;
				GCC_WARN_UNUSED_FUNCTION = YES;
				GCC_WARN_UNUSED_VARIABLE = YES;
				IPHONEOS_DEPLOYMENT_TARGET = 7.0;
				MTL_ENABLE_DEBUG_INFO = YES;
				ONLY_ACTIVE_ARCH = YES;
				SDKROOT = iphoneos;
				TARGETED_DEVICE_FAMILY = "1,2";
				WATCHOS_DEPLOYMENT_TARGET = 2.0;
			};
			name = Debug;
		};
		52FCF7D81BB524A100FF431E /* Release */ = {
			isa = XCBuildConfiguration;
			buildSettings = {
				ALWAYS_SEARCH_USER_PATHS = NO;
				CLANG_CXX_LANGUAGE_STANDARD = "gnu++0x";
				CLANG_CXX_LIBRARY = "libc++";
				CLANG_ENABLE_MODULES = YES;
				CLANG_ENABLE_OBJC_ARC = YES;
				CLANG_WARN_BOOL_CONVERSION = YES;
				CLANG_WARN_CONSTANT_CONVERSION = YES;
				CLANG_WARN_DIRECT_OBJC_ISA_USAGE = YES_ERROR;
				CLANG_WARN_EMPTY_BODY = YES;
				CLANG_WARN_ENUM_CONVERSION = YES;
				CLANG_WARN_INT_CONVERSION = YES;
				CLANG_WARN_OBJC_ROOT_CLASS = YES_ERROR;
				CLANG_WARN_UNREACHABLE_CODE = YES;
				CLANG_WARN__DUPLICATE_METHOD_MATCH = YES;
				COPY_PHASE_STRIP = NO;
				DEBUG_INFORMATION_FORMAT = "dwarf-with-dsym";
				ENABLE_NS_ASSERTIONS = NO;
				ENABLE_STRICT_OBJC_MSGSEND = YES;
				GCC_C_LANGUAGE_STANDARD = gnu99;
				GCC_NO_COMMON_BLOCKS = YES;
				GCC_WARN_64_TO_32_BIT_CONVERSION = YES;
				GCC_WARN_ABOUT_RETURN_TYPE = YES_ERROR;
				GCC_WARN_UNDECLARED_SELECTOR = YES;
				GCC_WARN_UNINITIALIZED_AUTOS = YES_AGGRESSIVE;
				GCC_WARN_UNUSED_FUNCTION = YES;
				GCC_WARN_UNUSED_VARIABLE = YES;
				IPHONEOS_DEPLOYMENT_TARGET = 7.0;
				MTL_ENABLE_DEBUG_INFO = NO;
				SDKROOT = iphoneos;
				TARGETED_DEVICE_FAMILY = "1,2";
				VALIDATE_PRODUCT = YES;
				WATCHOS_DEPLOYMENT_TARGET = 2.0;
			};
			name = Release;
		};
		52FCF7DA1BB524A100FF431E /* Debug */ = {
			isa = XCBuildConfiguration;
			baseConfigurationReference = 77A4C5487E26F003E7DFFEFD /* Pods-OAIHarvester.debug.xcconfig */;
			buildSettings = {
				CODE_SIGN_IDENTITY = "iPhone Developer";
				GCC_PRECOMPILE_PREFIX_HEADER = NO;
				GCC_PREFIX_HEADER = "";
				IPHONEOS_DEPLOYMENT_TARGET = 7.0;
				OTHER_LDFLAGS = "-ObjC";
				PRODUCT_NAME = "$(TARGET_NAME)";
				SDKROOT = iphoneos;
				SKIP_INSTALL = YES;
				SUPPORTED_PLATFORMS = "iphonesimulator iphoneos";
				WATCHOS_DEPLOYMENT_TARGET = 2.0;
			};
			name = Debug;
		};
		52FCF7DB1BB524A100FF431E /* Release */ = {
			isa = XCBuildConfiguration;
			baseConfigurationReference = 2EB534AC5FF1A4F5CA158AD4 /* Pods-OAIHarvester.release.xcconfig */;
			buildSettings = {
				CODE_SIGN_IDENTITY = "iPhone Developer";
				GCC_PRECOMPILE_PREFIX_HEADER = NO;
				GCC_PREFIX_HEADER = "";
				IPHONEOS_DEPLOYMENT_TARGET = 7.0;
				OTHER_LDFLAGS = "-ObjC";
				PRODUCT_NAME = "$(TARGET_NAME)";
				SDKROOT = iphoneos;
				SKIP_INSTALL = YES;
				SUPPORTED_PLATFORMS = "iphonesimulator iphoneos";
				WATCHOS_DEPLOYMENT_TARGET = 2.0;
			};
			name = Release;
		};
/* End XCBuildConfiguration section */

/* Begin XCConfigurationList section */
		52FCF7CB1BB524A100FF431E /* Build configuration list for PBXProject "OAIHarvester" */ = {
			isa = XCConfigurationList;
			buildConfigurations = (
				52FCF7D71BB524A100FF431E /* Debug */,
				52FCF7D81BB524A100FF431E /* Release */,
			);
			defaultConfigurationIsVisible = 0;
			defaultConfigurationName = Release;
		};
		52FCF7D91BB524A100FF431E /* Build configuration list for PBXNativeTarget "OAIHarvester" */ = {
			isa = XCConfigurationList;
			buildConfigurations = (
				52FCF7DA1BB524A100FF431E /* Debug */,
				52FCF7DB1BB524A100FF431E /* Release */,
			);
			defaultConfigurationIsVisible = 0;
			defaultConfigurationName = Release;
		};
/* End XCConfigurationList section */
	};
	rootObject = 52FCF7C81BB524A100FF431E /* Project object */;
}
